github.com/MarkRosemaker/json2yaml v0.0.0-20251208203737-0c5e035d8679 h1:Ehygu3ptjMIiYoPFAlv1+dhHICgPS7L+frlXgpHrI7s=
github.com/MarkRosemaker/json2yaml v0.0.0-20251208203737-0c5e035d8679/go.mod h1:YClgw4GUdsjwPqIeR87ELIRtUnrePCAAsCR7TfVTTG4=
github.com/MarkRosemaker/yaml2json v0.0.0-20251208205025-7b6431088b7b h1:ktptYL4agSegf5F+6qaCQsQQ/w6IKRpsgA0/wIyJyKg=
github.com/MarkRosemaker/yaml2json v0.0.0-20251208205025-7b6431088b7b/go.mod h1:nH8RhjuY1qw+SNHuEHF+HqRRgAClWN1Xhb5eMtFGaJI=
gopkg.in/check.v1 v0.0.0-20161208181325-20d25e280405 h1:yhCVgyC4o1eVCa2tZl7eS0r+SDo693bJlVdllGtEeKM=
gopkg.in/check.v1 v0.0.0-20161208181325-20d25e280405/go.mod h1:Co6ibVJAznAaIkqp8huTwlJQCZ016jof/cbN4VW5Yz0=
gopkg.in/yaml.v3 v3.0.1 h1:fxVm/GzAzEWqLHuvctI91KS9hhNmmWOoWu0XTYJS7CA=
gopkg.in/yaml.v3 v3.0.1/go.mod h1:K4uyk7z7BCEPqu6E+C64Yfv1cQ7kz7rIZviUmN+EgEM=
